
Microsoft Visual Studio Solution File, Format Version 11.00
# Visual Studio 2010
# SharpDevelop 5.1
Project("{FAE04EC0-301F-11D3-BF4B-00C04F79EFBC}") = "SGKService", "SGKService\SGKService.csproj", "{4AF941DF-A517-4477-8A6B-BC70AE7113C3}"
EndProject
Project("{FAE04EC0-301F-11D3-BF4B-00C04F79EFBC}") = "Modbus", "Nmodbus-master\Modbus\Modbus.csproj", "{FF96B252-2B24-44A1-A09C-6401B5D7ED23}"
EndProject
Project("{2150E333-8FDC-42A3-9474-1A3956D46DE8}") = "Solution Items", "Solution Items", "{AE151C7A-526B-494E-A106-889AF5E4B2B5}"
	ProjectSection(SolutionItems) = preProject
		..\DOCS\База данных СГК.docx = ..\DOCS\База данных СГК.docx
		..\PROJECTS\SQL\SGK509.bak = ..\PROJECTS\SQL\SGK509.bak
		C:\Users\Public\Pictures\Sample Pictures\Koala.jpg = C:\Users\Public\Pictures\Sample Pictures\Koala.jpg
	EndProjectSection
EndProject
Project("{FAE04EC0-301F-11D3-BF4B-00C04F79EFBC}") = "MSDataBase", "MSDataBase\MSDataBase.csproj", "{B82F3731-213E-4DC0-85FD-34AAF9E13136}"
EndProject
Project("{FAE04EC0-301F-11D3-BF4B-00C04F79EFBC}") = "SGK509ClientWPF", "SGK509ClientWPF\SGK509ClientWPF.csproj", "{2BA00485-3401-46E6-A27B-6FC1B007666A}"
EndProject
Global
	GlobalSection(SolutionConfigurationPlatforms) = preSolution
		Debug|Any CPU = Debug|Any CPU
		Release|Any CPU = Release|Any CPU
	EndGlobalSection
	GlobalSection(ProjectConfigurationPlatforms) = postSolution
		{4AF941DF-A517-4477-8A6B-BC70AE7113C3}.Debug|Any CPU.ActiveCfg = Debug|Any CPU
		{4AF941DF-A517-4477-8A6B-BC70AE7113C3}.Debug|Any CPU.Build.0 = Debug|Any CPU
		{4AF941DF-A517-4477-8A6B-BC70AE7113C3}.Release|Any CPU.ActiveCfg = Release|Any CPU
		{4AF941DF-A517-4477-8A6B-BC70AE7113C3}.Release|Any CPU.Build.0 = Release|Any CPU
		{FF96B252-2B24-44A1-A09C-6401B5D7ED23}.Debug|Any CPU.ActiveCfg = Debug|Any CPU
		{FF96B252-2B24-44A1-A09C-6401B5D7ED23}.Debug|Any CPU.Build.0 = Debug|Any CPU
		{FF96B252-2B24-44A1-A09C-6401B5D7ED23}.Release|Any CPU.ActiveCfg = Release|Any CPU
		{FF96B252-2B24-44A1-A09C-6401B5D7ED23}.Release|Any CPU.Build.0 = Release|Any CPU
		{B82F3731-213E-4DC0-85FD-34AAF9E13136}.Debug|Any CPU.ActiveCfg = Debug|Any CPU
		{B82F3731-213E-4DC0-85FD-34AAF9E13136}.Debug|Any CPU.Build.0 = Debug|Any CPU
		{B82F3731-213E-4DC0-85FD-34AAF9E13136}.Release|Any CPU.ActiveCfg = Release|Any CPU
		{B82F3731-213E-4DC0-85FD-34AAF9E13136}.Release|Any CPU.Build.0 = Release|Any CPU
		{2BA00485-3401-46E6-A27B-6FC1B007666A}.Debug|Any CPU.ActiveCfg = Debug|Any CPU
		{2BA00485-3401-46E6-A27B-6FC1B007666A}.Debug|Any CPU.Build.0 = Debug|Any CPU
		{2BA00485-3401-46E6-A27B-6FC1B007666A}.Release|Any CPU.ActiveCfg = Release|Any CPU
		{2BA00485-3401-46E6-A27B-6FC1B007666A}.Release|Any CPU.Build.0 = Release|Any CPU
	EndGlobalSection
EndGlobal
